
Microsoft Visual Studio Solution File, Format Version 12.00
# Visual Studio Version 17
VisualStudioVersion = 17.6.33829.357
MinimumVisualStudioVersion = 10.0.40219.1
Project("{2150E333-8FDC-42A3-9474-1A3956D46DE8}") = "src", "src", "{6FCC498B-2B05-4C5F-A041-99EE9A5B2BE6}"
EndProject
Project("{9A19103F-16F7-4668-BE54-9A1E7A4F7556}") = "App", "src\App\App.csproj", "{60344235-610C-46D7-BB24-4CCA60C6AB8F}"
EndProject
Project("{9A19103F-16F7-4668-BE54-9A1E7A4F7556}") = "App.Base", "src\App.Base\App.Base.csproj", "{E53DEFE3-F1F7-4B3A-A481-F5F7DA814D9D}"
EndProject
Global
	GlobalSection(SolutionConfigurationPlatforms) = preSolution
		Debug|Any CPU = Debug|Any CPU
		Release|Any CPU = Release|Any CPU
	EndGlobalSection
	GlobalSection(ProjectConfigurationPlatforms) = postSolution
		{60344235-610C-46D7-BB24-4CCA60C6AB8F}.Debug|Any CPU.ActiveCfg = Debug|Any CPU
		{60344235-610C-46D7-BB24-4CCA60C6AB8F}.Debug|Any CPU.Build.0 = Debug|Any CPU
		{60344235-610C-46D7-BB24-4CCA60C6AB8F}.Release|Any CPU.ActiveCfg = Release|Any CPU
		{60344235-610C-46D7-BB24-4CCA60C6AB8F}.Release|Any CPU.Build.0 = Release|Any CPU
		{E53DEFE3-F1F7-4B3A-A481-F5F7DA814D9D}.Debug|Any CPU.ActiveCfg = Debug|Any CPU
		{E53DEFE3-F1F7-4B3A-A481-F5F7DA814D9D}.Debug|Any CPU.Build.0 = Debug|Any CPU
		{E53DEFE3-F1F7-4B3A-A481-F5F7DA814D9D}.Release|Any CPU.ActiveCfg = Release|Any CPU
		{E53DEFE3-F1F7-4B3A-A481-F5F7DA814D9D}.Release|Any CPU.Build.0 = Release|Any CPU
	EndGlobalSection
	GlobalSection(SolutionProperties) = preSolution
		HideSolutionNode = FALSE
	EndGlobalSection
	GlobalSection(NestedProjects) = preSolution
		{60344235-610C-46D7-BB24-4CCA60C6AB8F} = {6FCC498B-2B05-4C5F-A041-99EE9A5B2BE6}
		{E53DEFE3-F1F7-4B3A-A481-F5F7DA814D9D} = {6FCC498B-2B05-4C5F-A041-99EE9A5B2BE6}
	EndGlobalSection
	GlobalSection(ExtensibilityGlobals) = postSolution
		SolutionGuid = {2A30F6F2-2C16-4A18-9BCD-3C0F2DBDCA78}
	EndGlobalSection
EndGlobal
